
Microsoft Visual Studio Solution File, Format Version 12.00
# Visual Studio 15
VisualStudioVersion = 15.0.28307.421
MinimumVisualStudioVersion = 10.0.40219.1
Project("{FAE04EC0-301F-11D3-BF4B-00C04F79EFBC}") = "CombinaisonJeux", "CombinaisonJeux\CombinaisonJeux.csproj", "{3657F131-B5A5-458C-A6AA-48E2367AE66D}"
EndProject
Global
	GlobalSection(SolutionConfigurationPlatforms) = preSolution
		Debug|Any CPU = Debug|Any CPU
		Release|Any CPU = Release|Any CPU
	EndGlobalSection
	GlobalSection(ProjectConfigurationPlatforms) = postSolution
		{3657F131-B5A5-458C-A6AA-48E2367AE66D}.Debug|Any CPU.ActiveCfg = Debug|Any CPU
		{3657F131-B5A5-458C-A6AA-48E2367AE66D}.Debug|Any CPU.Build.0 = Debug|Any CPU
		{3657F131-B5A5-458C-A6AA-48E2367AE66D}.Release|Any CPU.ActiveCfg = Release|Any CPU
		{3657F131-B5A5-458C-A6AA-48E2367AE66D}.Release|Any CPU.Build.0 = Release|Any CPU
	EndGlobalSection
	GlobalSection(SolutionProperties) = preSolution
		HideSolutionNode = FALSE
	EndGlobalSection
	GlobalSection(ExtensibilityGlobals) = postSolution
		SolutionGuid = {96AB226B-2E96-49C1-A660-60934CCBDBC1}
	EndGlobalSection
EndGlobal
